
Microsoft Visual Studio Solution File, Format Version 12.00
# Visual Studio Version 17
VisualStudioVersion = 17.7.34024.191
MinimumVisualStudioVersion = 10.0.40219.1
Project("{FAE04EC0-301F-11D3-BF4B-00C04F79EFBC}") = "DatabaseSQLMusicApp", "DatabaseSQLMusicApp\DatabaseSQLMusicApp.csproj", "{6EF012D2-198C-4210-BCD5-68E3E9BABB6D}"
EndProject
Global
	GlobalSection(SolutionConfigurationPlatforms) = preSolution
		Debug|Any CPU = Debug|Any CPU
		Release|Any CPU = Release|Any CPU
	EndGlobalSection
	GlobalSection(ProjectConfigurationPlatforms) = postSolution
		{6EF012D2-198C-4210-BCD5-68E3E9BABB6D}.Debug|Any CPU.ActiveCfg = Debug|Any CPU
		{6EF012D2-198C-4210-BCD5-68E3E9BABB6D}.Debug|Any CPU.Build.0 = Debug|Any CPU
		{6EF012D2-198C-4210-BCD5-68E3E9BABB6D}.Release|Any CPU.ActiveCfg = Release|Any CPU
		{6EF012D2-198C-4210-BCD5-68E3E9BABB6D}.Release|Any CPU.Build.0 = Release|Any CPU
	EndGlobalSection
	GlobalSection(SolutionProperties) = preSolution
		HideSolutionNode = FALSE
	EndGlobalSection
	GlobalSection(ExtensibilityGlobals) = postSolution
		SolutionGuid = {67C241DF-E091-45CD-8938-64E05BF25679}
	EndGlobalSection
EndGlobal
